
Microsoft Visual Studio Solution File, Format Version 12.00
# Visual Studio Version 17
VisualStudioVersion = 17.10.35013.160
MinimumVisualStudioVersion = 10.0.40219.1
Project("{FAE04EC0-301F-11D3-BF4B-00C04F79EFBC}") = "Mockify.API", "Mockify.API\Mockify.API.csproj", "{FAE848C9-3563-4736-BCBB-F3DD45A7C1E6}"
EndProject
Global
	GlobalSection(SolutionConfigurationPlatforms) = preSolution
		Debug|Any CPU = Debug|Any CPU
		Release|Any CPU = Release|Any CPU
	EndGlobalSection
	GlobalSection(ProjectConfigurationPlatforms) = postSolution
		{FAE848C9-3563-4736-BCBB-F3DD45A7C1E6}.Debug|Any CPU.ActiveCfg = Debug|Any CPU
		{FAE848C9-3563-4736-BCBB-F3DD45A7C1E6}.Debug|Any CPU.Build.0 = Debug|Any CPU
		{FAE848C9-3563-4736-BCBB-F3DD45A7C1E6}.Release|Any CPU.ActiveCfg = Release|Any CPU
		{FAE848C9-3563-4736-BCBB-F3DD45A7C1E6}.Release|Any CPU.Build.0 = Release|Any CPU
	EndGlobalSection
	GlobalSection(SolutionProperties) = preSolution
		HideSolutionNode = FALSE
	EndGlobalSection
	GlobalSection(ExtensibilityGlobals) = postSolution
		SolutionGuid = {2F171EA3-A192-4FF5-B812-5014D91AB4EE}
	EndGlobalSection
EndGlobal
